
Microsoft Visual Studio Solution File, Format Version 12.00
# Visual Studio Version 16
VisualStudioVersion = 16.0.31129.286
MinimumVisualStudioVersion = 10.0.40219.1
Project("{FAE04EC0-301F-11D3-BF4B-00C04F79EFBC}") = "Contratos", "Contratos\Contratos.csproj", "{007B0984-31BC-4B29-9782-A93341783F31}"
EndProject
Global
	GlobalSection(SolutionConfigurationPlatforms) = preSolution
		Debug|Any CPU = Debug|Any CPU
		Release|Any CPU = Release|Any CPU
	EndGlobalSection
	GlobalSection(ProjectConfigurationPlatforms) = postSolution
		{007B0984-31BC-4B29-9782-A93341783F31}.Debug|Any CPU.ActiveCfg = Debug|Any CPU
		{007B0984-31BC-4B29-9782-A93341783F31}.Debug|Any CPU.Build.0 = Debug|Any CPU
		{007B0984-31BC-4B29-9782-A93341783F31}.Release|Any CPU.ActiveCfg = Release|Any CPU
		{007B0984-31BC-4B29-9782-A93341783F31}.Release|Any CPU.Build.0 = Release|Any CPU
	EndGlobalSection
	GlobalSection(SolutionProperties) = preSolution
		HideSolutionNode = FALSE
	EndGlobalSection
	GlobalSection(ExtensibilityGlobals) = postSolution
		SolutionGuid = {F4169CC0-07C4-427B-85D6-E808790B3382}
	EndGlobalSection
EndGlobal
