
Microsoft Visual Studio Solution File, Format Version 12.00
# Visual Studio Version 16
VisualStudioVersion = 16.0.31129.286
MinimumVisualStudioVersion = 10.0.40219.1
Project("{FAE04EC0-301F-11D3-BF4B-00C04F79EFBC}") = "Matriz", "Matriz\Matriz.csproj", "{2E6122B9-BDDF-46DA-BE33-7FDF0C9202A8}"
EndProject
Global
	GlobalSection(SolutionConfigurationPlatforms) = preSolution
		Debug|Any CPU = Debug|Any CPU
		Release|Any CPU = Release|Any CPU
	EndGlobalSection
	GlobalSection(ProjectConfigurationPlatforms) = postSolution
		{2E6122B9-BDDF-46DA-BE33-7FDF0C9202A8}.Debug|Any CPU.ActiveCfg = Debug|Any CPU
		{2E6122B9-BDDF-46DA-BE33-7FDF0C9202A8}.Debug|Any CPU.Build.0 = Debug|Any CPU
		{2E6122B9-BDDF-46DA-BE33-7FDF0C9202A8}.Release|Any CPU.ActiveCfg = Release|Any CPU
		{2E6122B9-BDDF-46DA-BE33-7FDF0C9202A8}.Release|Any CPU.Build.0 = Release|Any CPU
	EndGlobalSection
	GlobalSection(SolutionProperties) = preSolution
		HideSolutionNode = FALSE
	EndGlobalSection
	GlobalSection(ExtensibilityGlobals) = postSolution
		SolutionGuid = {DBFB49EC-69A7-4BAF-A100-2003DA6D5CCE}
	EndGlobalSection
EndGlobal
